
Microsoft Visual Studio Solution File, Format Version 12.00
# Visual Studio Version 17
VisualStudioVersion = 17.13.35825.156 d17.13
MinimumVisualStudioVersion = 10.0.40219.1
Project("{FAE04EC0-301F-11D3-BF4B-00C04F79EFBC}") = "Vizcon.OSC", "Vizcon.OSC\Vizcon.OSC.csproj", "{DE37CA5B-A22C-CBA3-370C-45A6482B26A4}"
EndProject
Project("{FAE04EC0-301F-11D3-BF4B-00C04F79EFBC}") = "TestApp.Wpf", "TestApp.Wpf\TestApp.Wpf.csproj", "{110F3B68-512E-4E2C-8FC7-6EF1540FBBEA}"
EndProject
Project("{FAE04EC0-301F-11D3-BF4B-00C04F79EFBC}") = "TestApp.Console", "TestApp.Console\TestApp.Console.csproj", "{86012D58-6965-45CD-9EFA-8FB3FC8AD55A}"
EndProject
Global
	GlobalSection(SolutionConfigurationPlatforms) = preSolution
		Debug|Any CPU = Debug|Any CPU
		Release|Any CPU = Release|Any CPU
	EndGlobalSection
	GlobalSection(ProjectConfigurationPlatforms) = postSolution
		{DE37CA5B-A22C-CBA3-370C-45A6482B26A4}.Debug|Any CPU.ActiveCfg = Debug|Any CPU
		{DE37CA5B-A22C-CBA3-370C-45A6482B26A4}.Debug|Any CPU.Build.0 = Debug|Any CPU
		{DE37CA5B-A22C-CBA3-370C-45A6482B26A4}.Release|Any CPU.ActiveCfg = Release|Any CPU
		{DE37CA5B-A22C-CBA3-370C-45A6482B26A4}.Release|Any CPU.Build.0 = Release|Any CPU
		{110F3B68-512E-4E2C-8FC7-6EF1540FBBEA}.Debug|Any CPU.ActiveCfg = Debug|Any CPU
		{110F3B68-512E-4E2C-8FC7-6EF1540FBBEA}.Debug|Any CPU.Build.0 = Debug|Any CPU
		{110F3B68-512E-4E2C-8FC7-6EF1540FBBEA}.Release|Any CPU.ActiveCfg = Release|Any CPU
		{110F3B68-512E-4E2C-8FC7-6EF1540FBBEA}.Release|Any CPU.Build.0 = Release|Any CPU
		{86012D58-6965-45CD-9EFA-8FB3FC8AD55A}.Debug|Any CPU.ActiveCfg = Debug|Any CPU
		{86012D58-6965-45CD-9EFA-8FB3FC8AD55A}.Debug|Any CPU.Build.0 = Debug|Any CPU
		{86012D58-6965-45CD-9EFA-8FB3FC8AD55A}.Release|Any CPU.ActiveCfg = Release|Any CPU
		{86012D58-6965-45CD-9EFA-8FB3FC8AD55A}.Release|Any CPU.Build.0 = Release|Any CPU
	EndGlobalSection
	GlobalSection(SolutionProperties) = preSolution
		HideSolutionNode = FALSE
	EndGlobalSection
	GlobalSection(ExtensibilityGlobals) = postSolution
		SolutionGuid = {4807CBF0-F24D-435C-91A1-54CB856491F2}
	EndGlobalSection
EndGlobal
